
Microsoft Visual Studio Solution File, Format Version 12.00
# Visual Studio Version 16
VisualStudioVersion = 16.0.29230.47
MinimumVisualStudioVersion = 10.0.40219.1
Project("{FAE04EC0-301F-11D3-BF4B-00C04F79EFBC}") = "PartialClassDemo", "PartialClassDemo\PartialClassDemo.csproj", "{01FBD128-3C2E-4F60-9EF4-4E6FD494FD25}"
EndProject
Project("{FAE04EC0-301F-11D3-BF4B-00C04F79EFBC}") = "SimpleWinFormsApp", "SimpleWinFormsApp\SimpleWinFormsApp.csproj", "{37A8270D-86EE-4862-A287-0263A8E0291B}"
EndProject
Global
	GlobalSection(SolutionConfigurationPlatforms) = preSolution
		Debug|Any CPU = Debug|Any CPU
		Release|Any CPU = Release|Any CPU
	EndGlobalSection
	GlobalSection(ProjectConfigurationPlatforms) = postSolution
		{01FBD128-3C2E-4F60-9EF4-4E6FD494FD25}.Debug|Any CPU.ActiveCfg = Debug|Any CPU
		{01FBD128-3C2E-4F60-9EF4-4E6FD494FD25}.Debug|Any CPU.Build.0 = Debug|Any CPU
		{01FBD128-3C2E-4F60-9EF4-4E6FD494FD25}.Release|Any CPU.ActiveCfg = Release|Any CPU
		{01FBD128-3C2E-4F60-9EF4-4E6FD494FD25}.Release|Any CPU.Build.0 = Release|Any CPU
		{37A8270D-86EE-4862-A287-0263A8E0291B}.Debug|Any CPU.ActiveCfg = Debug|Any CPU
		{37A8270D-86EE-4862-A287-0263A8E0291B}.Debug|Any CPU.Build.0 = Debug|Any CPU
		{37A8270D-86EE-4862-A287-0263A8E0291B}.Release|Any CPU.ActiveCfg = Release|Any CPU
		{37A8270D-86EE-4862-A287-0263A8E0291B}.Release|Any CPU.Build.0 = Release|Any CPU
	EndGlobalSection
	GlobalSection(SolutionProperties) = preSolution
		HideSolutionNode = FALSE
	EndGlobalSection
	GlobalSection(ExtensibilityGlobals) = postSolution
		SolutionGuid = {95688ED3-F651-4573-A2E7-4DB2CA059FAD}
	EndGlobalSection
EndGlobal
